
Microsoft Visual Studio Solution File, Format Version 12.00
# Visual Studio Version 17
VisualStudioVersion = 17.0.31903.59
MinimumVisualStudioVersion = 10.0.40219.1
Project("{FAE04EC0-301F-11D3-BF4B-00C04F79EFBC}") = "BTCPayServer.Plugins.Zano", "BTCPayServer.Plugins.Zano.csproj", "{440E70AD-BA40-449C-8315-6A13D95B6ED7}"
EndProject
Global
	GlobalSection(SolutionConfigurationPlatforms) = preSolution
		Debug|Any CPU = Debug|Any CPU
		Release|Any CPU = Release|Any CPU
	EndGlobalSection
	GlobalSection(SolutionProperties) = preSolution
		HideSolutionNode = FALSE
	EndGlobalSection
	GlobalSection(ProjectConfigurationPlatforms) = postSolution
		{440E70AD-BA40-449C-8315-6A13D95B6ED7}.Debug|Any CPU.ActiveCfg = Debug|Any CPU
		{440E70AD-BA40-449C-8315-6A13D95B6ED7}.Debug|Any CPU.Build.0 = Debug|Any CPU
		{440E70AD-BA40-449C-8315-6A13D95B6ED7}.Release|Any CPU.ActiveCfg = Release|Any CPU
		{440E70AD-BA40-449C-8315-6A13D95B6ED7}.Release|Any CPU.Build.0 = Release|Any CPU
	EndGlobalSection
EndGlobal
